Microsoft Visual Studio Solution File, Format Version 12.00
# Visual Studio Version 17
VisualStudioVersion = 17.0.31717.71
MinimumVisualStudioVersion = 10.0.40219.1
Project("{9A19103F-16F7-4668-BE54-9A1E7A4F7556}") = "Lab5App", "Lab5App.csproj", "{FA1CB221-C151-466A-B17D-50B98EDF2368}"
EndProject
Global
	GlobalSection(SolutionConfigurationPlatforms) = preSolution
		Debug|Any CPU = Debug|Any CPU
		Release|Any CPU = Release|Any CPU
	EndGlobalSection
	GlobalSection(ProjectConfigurationPlatforms) = postSolution
		{FA1CB221-C151-466A-B17D-50B98EDF2368}.Debug|Any CPU.ActiveCfg = Debug|Any CPU
		{FA1CB221-C151-466A-B17D-50B98EDF2368}.Debug|Any CPU.Build.0 = Debug|Any CPU
		{FA1CB221-C151-466A-B17D-50B98EDF2368}.Release|Any CPU.ActiveCfg = Release|Any CPU
		{FA1CB221-C151-466A-B17D-50B98EDF2368}.Release|Any CPU.Build.0 = Release|Any CPU
	EndGlobalSection
	GlobalSection(SolutionProperties) = preSolution
		HideSolutionNode = FALSE
	EndGlobalSection
	GlobalSection(ExtensibilityGlobals) = postSolution
		SolutionGuid = {89582587-2E13-4E34-B93D-CF3286603ED1}
	EndGlobalSection
EndGlobal
